PODS:
  - Flutter (1.0.0)
  - sms_autofill (0.0.1):
    - Flutter

DEPENDENCIES:
  - Flutter (from `Flutter`)
  - sms_autofill (from `.symlinks/plugins/sms_autofill/ios`)

EXTERNAL SOURCES:
  Flutter:
    :path: Flutter
  sms_autofill:
    :path: ".symlinks/plugins/sms_autofill/ios"

SPEC CHECKSUMS:
  Flutter: cabc95a1d2626b1b06e7179b784ebcf0c0cde467
  sms_autofill: b36b2147535657fea83d7f3898d7831de70bd8e4

PODFILE CHECKSUM: 3c63482e143d1b91d2d2560aee9fb04ecc74ac7e

COCOAPODS: 1.16.2
